
Microsoft Visual Studio Solution File, Format Version 10.00
# Visual Studio 2008
Project("{EAF909A5-FA59-4C3D-9431-0FCC20D5BCF9}") = "StabSolverUnited", "StabSolverUnited\StabSolverUnited.icproj", "{8DFC3F83-8727-4C24-8DBC-92CA7EB8F1A8}"
	ProjectSection(ProjectDependencies) = postProject
		{5BBDC226-25C1-473D-A3FF-46465315A6FB} = {5BBDC226-25C1-473D-A3FF-46465315A6FB}
		{0323374A-6B09-4A22-8C4D-557FC6DC9FFA} = {0323374A-6B09-4A22-8C4D-557FC6DC9FFA}
		{D07EB4B3-3008-4827-8361-8BC9578C061F} = {D07EB4B3-3008-4827-8361-8BC9578C061F}
		{D7A2EFE8-EE86-4432-A5AD-3730C24FEE82} = {D7A2EFE8-EE86-4432-A5AD-3730C24FEE82}
	EndProjectSection
EndProject
Project("{EAF909A5-FA59-4C3D-9431-0FCC20D5BCF9}") = "MFProc", "MFProc\MFProc.icproj", "{D07EB4B3-3008-4827-8361-8BC9578C061F}"
	ProjectSection(ProjectDependencies) = postProject
		{0323374A-6B09-4A22-8C4D-557FC6DC9FFA} = {0323374A-6B09-4A22-8C4D-557FC6DC9FFA}
		{5DB2C6C7-5A1B-4FE9-91FA-A8790FF5570B} = {5DB2C6C7-5A1B-4FE9-91FA-A8790FF5570B}
	EndProjectSection
EndProject
Project("{6989167D-11E4-40FE-8C1A-2192A86A7E90}") = "Smooth", "Smooth\Smooth.vfproj", "{5DB2C6C7-5A1B-4FE9-91FA-A8790FF5570B}"
EndProject
Project("{EAF909A5-FA59-4C3D-9431-0FCC20D5BCF9}") = "StabGlobal", "StabGlobal\StabGlobal.icproj", "{D7A2EFE8-EE86-4432-A5AD-3730C24FEE82}"
	ProjectSection(ProjectDependencies) = postProject
		{5BBDC226-25C1-473D-A3FF-46465315A6FB} = {5BBDC226-25C1-473D-A3FF-46465315A6FB}
		{D07EB4B3-3008-4827-8361-8BC9578C061F} = {D07EB4B3-3008-4827-8361-8BC9578C061F}
	EndProjectSection
EndProject
Project("{EAF909A5-FA59-4C3D-9431-0FCC20D5BCF9}") = "SmallMat", "SmallMat\SmallMat.icproj", "{0323374A-6B09-4A22-8C4D-557FC6DC9FFA}"
EndProject
Project("{EAF909A5-FA59-4C3D-9431-0FCC20D5BCF9}") = "StabLocal", "StabLocal\StabLocal.icproj", "{5BBDC226-25C1-473D-A3FF-46465315A6FB}"
	ProjectSection(ProjectDependencies) = postProject
		{0323374A-6B09-4A22-8C4D-557FC6DC9FFA} = {0323374A-6B09-4A22-8C4D-557FC6DC9FFA}
		{D07EB4B3-3008-4827-8361-8BC9578C061F} = {D07EB4B3-3008-4827-8361-8BC9578C061F}
	EndProjectSection
EndProject
Global
	GlobalSection(SolutionConfigurationPlatforms) = preSolution
		Debug|Win32 = Debug|Win32
		Debug|x64 = Debug|x64
		Release|Win32 = Release|Win32
		Release|x64 = Release|x64
	EndGlobalSection
	GlobalSection(ProjectConfigurationPlatforms) = postSolution
		{8DFC3F83-8727-4C24-8DBC-92CA7EB8F1A8}.Debug|Win32.ActiveCfg = Debug|Win32
		{8DFC3F83-8727-4C24-8DBC-92CA7EB8F1A8}.Debug|Win32.Build.0 = Debug|Win32
		{8DFC3F83-8727-4C24-8DBC-92CA7EB8F1A8}.Debug|x64.ActiveCfg = Debug|x64
		{8DFC3F83-8727-4C24-8DBC-92CA7EB8F1A8}.Debug|x64.Build.0 = Debug|x64
		{8DFC3F83-8727-4C24-8DBC-92CA7EB8F1A8}.Release|Win32.ActiveCfg = Release|Win32
		{8DFC3F83-8727-4C24-8DBC-92CA7EB8F1A8}.Release|Win32.Build.0 = Release|Win32
		{8DFC3F83-8727-4C24-8DBC-92CA7EB8F1A8}.Release|x64.ActiveCfg = Release|x64
		{8DFC3F83-8727-4C24-8DBC-92CA7EB8F1A8}.Release|x64.Build.0 = Release|x64
		{D07EB4B3-3008-4827-8361-8BC9578C061F}.Debug|Win32.ActiveCfg = Debug|Win32
		{D07EB4B3-3008-4827-8361-8BC9578C061F}.Debug|Win32.Build.0 = Debug|Win32
		{D07EB4B3-3008-4827-8361-8BC9578C061F}.Debug|x64.ActiveCfg = Debug|x64
		{D07EB4B3-3008-4827-8361-8BC9578C061F}.Debug|x64.Build.0 = Debug|x64
		{D07EB4B3-3008-4827-8361-8BC9578C061F}.Release|Win32.ActiveCfg = Release|Win32
		{D07EB4B3-3008-4827-8361-8BC9578C061F}.Release|Win32.Build.0 = Release|Win32
		{D07EB4B3-3008-4827-8361-8BC9578C061F}.Release|x64.ActiveCfg = Release|x64
		{D07EB4B3-3008-4827-8361-8BC9578C061F}.Release|x64.Build.0 = Release|x64
		{5DB2C6C7-5A1B-4FE9-91FA-A8790FF5570B}.Debug|Win32.ActiveCfg = Debug|Win32
		{5DB2C6C7-5A1B-4FE9-91FA-A8790FF5570B}.Debug|Win32.Build.0 = Debug|Win32
		{5DB2C6C7-5A1B-4FE9-91FA-A8790FF5570B}.Debug|x64.ActiveCfg = Debug|x64
		{5DB2C6C7-5A1B-4FE9-91FA-A8790FF5570B}.Debug|x64.Build.0 = Debug|x64
		{5DB2C6C7-5A1B-4FE9-91FA-A8790FF5570B}.Release|Win32.ActiveCfg = Release|Win32
		{5DB2C6C7-5A1B-4FE9-91FA-A8790FF5570B}.Release|Win32.Build.0 = Release|Win32
		{5DB2C6C7-5A1B-4FE9-91FA-A8790FF5570B}.Release|x64.ActiveCfg = Release|x64
		{5DB2C6C7-5A1B-4FE9-91FA-A8790FF5570B}.Release|x64.Build.0 = Release|x64
		{D7A2EFE8-EE86-4432-A5AD-3730C24FEE82}.Debug|Win32.ActiveCfg = Debug|Win32
		{D7A2EFE8-EE86-4432-A5AD-3730C24FEE82}.Debug|Win32.Build.0 = Debug|Win32
		{D7A2EFE8-EE86-4432-A5AD-3730C24FEE82}.Debug|x64.ActiveCfg = Debug|x64
		{D7A2EFE8-EE86-4432-A5AD-3730C24FEE82}.Debug|x64.Build.0 = Debug|x64
		{D7A2EFE8-EE86-4432-A5AD-3730C24FEE82}.Release|Win32.ActiveCfg = Release|Win32
		{D7A2EFE8-EE86-4432-A5AD-3730C24FEE82}.Release|Win32.Build.0 = Release|Win32
		{D7A2EFE8-EE86-4432-A5AD-3730C24FEE82}.Release|x64.ActiveCfg = Release|Win32
		{0323374A-6B09-4A22-8C4D-557FC6DC9FFA}.Debug|Win32.ActiveCfg = Debug|Win32
		{0323374A-6B09-4A22-8C4D-557FC6DC9FFA}.Debug|Win32.Build.0 = Debug|Win32
		{0323374A-6B09-4A22-8C4D-557FC6DC9FFA}.Debug|x64.ActiveCfg = Debug|x64
		{0323374A-6B09-4A22-8C4D-557FC6DC9FFA}.Debug|x64.Build.0 = Debug|x64
		{0323374A-6B09-4A22-8C4D-557FC6DC9FFA}.Release|Win32.ActiveCfg = Release|Win32
		{0323374A-6B09-4A22-8C4D-557FC6DC9FFA}.Release|Win32.Build.0 = Release|Win32
		{0323374A-6B09-4A22-8C4D-557FC6DC9FFA}.Release|x64.ActiveCfg = Release|Win32
		{5BBDC226-25C1-473D-A3FF-46465315A6FB}.Debug|Win32.ActiveCfg = Debug|Win32
		{5BBDC226-25C1-473D-A3FF-46465315A6FB}.Debug|Win32.Build.0 = Debug|Win32
		{5BBDC226-25C1-473D-A3FF-46465315A6FB}.Debug|x64.ActiveCfg = Debug|x64
		{5BBDC226-25C1-473D-A3FF-46465315A6FB}.Debug|x64.Build.0 = Debug|x64
		{5BBDC226-25C1-473D-A3FF-46465315A6FB}.Release|Win32.ActiveCfg = Release|Win32
		{5BBDC226-25C1-473D-A3FF-46465315A6FB}.Release|Win32.Build.0 = Release|Win32
		{5BBDC226-25C1-473D-A3FF-46465315A6FB}.Release|x64.ActiveCfg = Release|x64
		{5BBDC226-25C1-473D-A3FF-46465315A6FB}.Release|x64.Build.0 = Release|x64
		{F202129E-08B1-4D05-8C9A-1CEB26ACAA02}.Debug|Win32.ActiveCfg = Debug|Win32
		{F202129E-08B1-4D05-8C9A-1CEB26ACAA02}.Debug|Win32.Build.0 = Debug|Win32
		{F202129E-08B1-4D05-8C9A-1CEB26ACAA02}.Debug|x64.ActiveCfg = Debug|x64
		{F202129E-08B1-4D05-8C9A-1CEB26ACAA02}.Release|Win32.ActiveCfg = Release|Win32
		{F202129E-08B1-4D05-8C9A-1CEB26ACAA02}.Release|Win32.Build.0 = Release|Win32
		{F202129E-08B1-4D05-8C9A-1CEB26ACAA02}.Release|x64.ActiveCfg = Release|x64
		{899E509B-8839-4E1B-8EBD-8DF2B6334720}.Debug|Win32.ActiveCfg = Debug|Win32
		{899E509B-8839-4E1B-8EBD-8DF2B6334720}.Debug|Win32.Build.0 = Debug|Win32
		{899E509B-8839-4E1B-8EBD-8DF2B6334720}.Debug|x64.ActiveCfg = Debug|x64
		{899E509B-8839-4E1B-8EBD-8DF2B6334720}.Release|Win32.ActiveCfg = Release|Win32
		{899E509B-8839-4E1B-8EBD-8DF2B6334720}.Release|Win32.Build.0 = Release|Win32
		{899E509B-8839-4E1B-8EBD-8DF2B6334720}.Release|x64.ActiveCfg = Release|x64
		{E4D30DA5-1726-48BA-835C-D855C5488C7A}.Debug|Win32.ActiveCfg = Debug|Win32
		{E4D30DA5-1726-48BA-835C-D855C5488C7A}.Debug|Win32.Build.0 = Debug|Win32
		{E4D30DA5-1726-48BA-835C-D855C5488C7A}.Debug|x64.ActiveCfg = Debug|x64
		{E4D30DA5-1726-48BA-835C-D855C5488C7A}.Debug|x64.Build.0 = Debug|x64
		{E4D30DA5-1726-48BA-835C-D855C5488C7A}.Release|Win32.ActiveCfg = Release|Win32
		{E4D30DA5-1726-48BA-835C-D855C5488C7A}.Release|Win32.Build.0 = Release|Win32
		{E4D30DA5-1726-48BA-835C-D855C5488C7A}.Release|x64.ActiveCfg = Release|Win32
		{3A6AD97E-2898-4A13-BADC-B2A25CE1D52E}.Debug|Win32.ActiveCfg = Debug|Win32
		{3A6AD97E-2898-4A13-BADC-B2A25CE1D52E}.Debug|Win32.Build.0 = Debug|Win32
		{3A6AD97E-2898-4A13-BADC-B2A25CE1D52E}.Debug|x64.ActiveCfg = Debug|Win32
		{3A6AD97E-2898-4A13-BADC-B2A25CE1D52E}.Release|Win32.ActiveCfg = Release|Win32
		{3A6AD97E-2898-4A13-BADC-B2A25CE1D52E}.Release|Win32.Build.0 = Release|Win32
		{3A6AD97E-2898-4A13-BADC-B2A25CE1D52E}.Release|x64.ActiveCfg = Release|Win32
		{C5F26990-0684-49C6-AC3C-5D47EAB8D8D2}.Debug|Win32.ActiveCfg = Debug|Win32
		{C5F26990-0684-49C6-AC3C-5D47EAB8D8D2}.Debug|x64.ActiveCfg = Debug|x64
		{C5F26990-0684-49C6-AC3C-5D47EAB8D8D2}.Release|Win32.ActiveCfg = Release|Win32
		{C5F26990-0684-49C6-AC3C-5D47EAB8D8D2}.Release|x64.ActiveCfg = Release|x64
	EndGlobalSection
	GlobalSection(SolutionProperties) = preSolution
		HideSolutionNode = FALSE
	EndGlobalSection
EndGlobal
