
Microsoft Visual Studio Solution File, Format Version 10.00
# Visual Studio 2008
Project("{EAF909A5-FA59-4C3D-9431-0FCC20D5BCF9}") = "StabSolverUnited", "StabSolverUnited\StabSolverUnited.icproj", "{8DFC3F83-8727-4C24-8DBC-92CA7EB8F1A8}"
	ProjectSection(ProjectDependencies) = postProject
		{5DB2C6C7-5A1B-4FE9-91FA-A8790FF5570B} = {5DB2C6C7-5A1B-4FE9-91FA-A8790FF5570B}
	EndProjectSection
EndProject
Project("{6989167D-11E4-40FE-8C1A-2192A86A7E90}") = "Smooth", "Smooth\Smooth.vfproj", "{5DB2C6C7-5A1B-4FE9-91FA-A8790FF5570B}"
EndProject
Global
	GlobalSection(SolutionConfigurationPlatforms) = preSolution
		Debug|Win32 = Debug|Win32
		Debug|x64 = Debug|x64
		Release|Win32 = Release|Win32
		Release|x64 = Release|x64
	EndGlobalSection
	GlobalSection(ProjectConfigurationPlatforms) = postSolution
		{8DFC3F83-8727-4C24-8DBC-92CA7EB8F1A8}.Debug|Win32.ActiveCfg = Debug|Win32
		{8DFC3F83-8727-4C24-8DBC-92CA7EB8F1A8}.Debug|Win32.Build.0 = Debug|Win32
		{8DFC3F83-8727-4C24-8DBC-92CA7EB8F1A8}.Debug|x64.ActiveCfg = Debug|x64
		{8DFC3F83-8727-4C24-8DBC-92CA7EB8F1A8}.Debug|x64.Build.0 = Debug|x64
		{8DFC3F83-8727-4C24-8DBC-92CA7EB8F1A8}.Release|Win32.ActiveCfg = Release|Win32
		{8DFC3F83-8727-4C24-8DBC-92CA7EB8F1A8}.Release|Win32.Build.0 = Release|Win32
		{8DFC3F83-8727-4C24-8DBC-92CA7EB8F1A8}.Release|x64.ActiveCfg = Release|x64
		{8DFC3F83-8727-4C24-8DBC-92CA7EB8F1A8}.Release|x64.Build.0 = Release|x64
		{5DB2C6C7-5A1B-4FE9-91FA-A8790FF5570B}.Debug|Win32.ActiveCfg = Debug|Win32
		{5DB2C6C7-5A1B-4FE9-91FA-A8790FF5570B}.Debug|Win32.Build.0 = Debug|Win32
		{5DB2C6C7-5A1B-4FE9-91FA-A8790FF5570B}.Debug|x64.ActiveCfg = Debug|x64
		{5DB2C6C7-5A1B-4FE9-91FA-A8790FF5570B}.Debug|x64.Build.0 = Debug|x64
		{5DB2C6C7-5A1B-4FE9-91FA-A8790FF5570B}.Release|Win32.ActiveCfg = Release|Win32
		{5DB2C6C7-5A1B-4FE9-91FA-A8790FF5570B}.Release|Win32.Build.0 = Release|Win32
		{5DB2C6C7-5A1B-4FE9-91FA-A8790FF5570B}.Release|x64.ActiveCfg = Release|x64
		{5DB2C6C7-5A1B-4FE9-91FA-A8790FF5570B}.Release|x64.Build.0 = Release|x64
		{F202129E-08B1-4D05-8C9A-1CEB26ACAA02}.Debug|Win32.ActiveCfg = Debug|Win32
		{F202129E-08B1-4D05-8C9A-1CEB26ACAA02}.Debug|Win32.Build.0 = Debug|Win32
		{F202129E-08B1-4D05-8C9A-1CEB26ACAA02}.Debug|x64.ActiveCfg = Debug|x64
		{F202129E-08B1-4D05-8C9A-1CEB26ACAA02}.Release|Win32.ActiveCfg = Release|Win32
		{F202129E-08B1-4D05-8C9A-1CEB26ACAA02}.Release|Win32.Build.0 = Release|Win32
		{F202129E-08B1-4D05-8C9A-1CEB26ACAA02}.Release|x64.ActiveCfg = Release|x64
	EndGlobalSection
	GlobalSection(SolutionProperties) = preSolution
		HideSolutionNode = FALSE
	EndGlobalSection
EndGlobal
