
Microsoft Visual Studio Solution File, Format Version 12.00
# Visual Studio 14
VisualStudioVersion = 14.0.25123.0
MinimumVisualStudioVersion = 10.0.40219.1
Project("{8BC9CEB8-8B4A-11D0-8D11-00A0C91BC942}") = "HSFlowStab-main", "HSFLowStab-main\HSFlowStab-main.vcxproj", "{D0D37BF9-2256-44EC-B290-F21C253238CF}"
	ProjectSection(ProjectDependencies) = postProject
		{ED9BA700-FBB9-41CF-BA12-6E1411CA7D5F} = {ED9BA700-FBB9-41CF-BA12-6E1411CA7D5F}
		{F35AAA02-ACBE-426F-9A1F-D9C121675288} = {F35AAA02-ACBE-426F-9A1F-D9C121675288}
		{FD10D892-543E-4AE7-89AC-EFF545E58E49} = {FD10D892-543E-4AE7-89AC-EFF545E58E49}
		{D86C2ACC-CEC8-4F0F-A75F-253971B53E39} = {D86C2ACC-CEC8-4F0F-A75F-253971B53E39}
	EndProjectSection
EndProject
Project("{8BC9CEB8-8B4A-11D0-8D11-00A0C91BC942}") = "shared", "shared\shared.vcxproj", "{F35AAA02-ACBE-426F-9A1F-D9C121675288}"
EndProject
Project("{8BC9CEB8-8B4A-11D0-8D11-00A0C91BC942}") = "PhysCommon", "components\PhysCommon\PhysCommon.vcxproj", "{D86C2ACC-CEC8-4F0F-A75F-253971B53E39}"
EndProject
Project("{8BC9CEB8-8B4A-11D0-8D11-00A0C91BC942}") = "SmallMat", "components\SmallMat\SmallMat.vcxproj", "{ED9BA700-FBB9-41CF-BA12-6E1411CA7D5F}"
EndProject
Project("{8BC9CEB8-8B4A-11D0-8D11-00A0C91BC942}") = "Profile", "components\Profile\Profile.vcxproj", "{FD10D892-543E-4AE7-89AC-EFF545E58E49}"
	ProjectSection(ProjectDependencies) = postProject
		{ED9BA700-FBB9-41CF-BA12-6E1411CA7D5F} = {ED9BA700-FBB9-41CF-BA12-6E1411CA7D5F}
		{F35AAA02-ACBE-426F-9A1F-D9C121675288} = {F35AAA02-ACBE-426F-9A1F-D9C121675288}
		{D86C2ACC-CEC8-4F0F-A75F-253971B53E39} = {D86C2ACC-CEC8-4F0F-A75F-253971B53E39}
	EndProjectSection
EndProject
Project("{8BC9CEB8-8B4A-11D0-8D11-00A0C91BC942}") = "MF.CGNS-shared", "components\MF.CGNS-shared\MF.CGNS-shared.vcxproj", "{61D5C390-A650-4B9E-B177-292D8BE5A813}"
	ProjectSection(ProjectDependencies) = postProject
		{ED9BA700-FBB9-41CF-BA12-6E1411CA7D5F} = {ED9BA700-FBB9-41CF-BA12-6E1411CA7D5F}
		{D86C2ACC-CEC8-4F0F-A75F-253971B53E39} = {D86C2ACC-CEC8-4F0F-A75F-253971B53E39}
	EndProjectSection
EndProject
Project("{8BC9CEB8-8B4A-11D0-8D11-00A0C91BC942}") = "MF.CGNS2D", "components\MF.CGNS2D\MF.CGNS2D.vcxproj", "{B7790934-F317-4687-B275-8063757DE902}"
	ProjectSection(ProjectDependencies) = postProject
		{61D5C390-A650-4B9E-B177-292D8BE5A813} = {61D5C390-A650-4B9E-B177-292D8BE5A813}
	EndProjectSection
EndProject
Project("{8BC9CEB8-8B4A-11D0-8D11-00A0C91BC942}") = "MF.CGNS3D", "components\MF.CGNS3D\MF.CGNS3D.vcxproj", "{1C17F11D-0703-42E8-A6F0-A7DD17B4F8C8}"
	ProjectSection(ProjectDependencies) = postProject
		{61D5C390-A650-4B9E-B177-292D8BE5A813} = {61D5C390-A650-4B9E-B177-292D8BE5A813}
	EndProjectSection
EndProject
Project("{8BC9CEB8-8B4A-11D0-8D11-00A0C91BC942}") = "PF.GlobSearch_Lapack", "components\PF.GlobSearch_Lapack\PF.GlobSearch_Lapack.vcxproj", "{5B2E73C7-6CBD-49E2-B5E2-9A9A9773AD28}"
	ProjectSection(ProjectDependencies) = postProject
		{ED9BA700-FBB9-41CF-BA12-6E1411CA7D5F} = {ED9BA700-FBB9-41CF-BA12-6E1411CA7D5F}
		{F35AAA02-ACBE-426F-9A1F-D9C121675288} = {F35AAA02-ACBE-426F-9A1F-D9C121675288}
		{FD10D892-543E-4AE7-89AC-EFF545E58E49} = {FD10D892-543E-4AE7-89AC-EFF545E58E49}
		{D86C2ACC-CEC8-4F0F-A75F-253971B53E39} = {D86C2ACC-CEC8-4F0F-A75F-253971B53E39}
	EndProjectSection
EndProject
Project("{8BC9CEB8-8B4A-11D0-8D11-00A0C91BC942}") = "PF.LocSearch", "components\PF.LocSearch\PF.LocSearch.vcxproj", "{474FA5CC-7886-4857-B484-B6FB484BDEAE}"
	ProjectSection(ProjectDependencies) = postProject
		{ED9BA700-FBB9-41CF-BA12-6E1411CA7D5F} = {ED9BA700-FBB9-41CF-BA12-6E1411CA7D5F}
		{F35AAA02-ACBE-426F-9A1F-D9C121675288} = {F35AAA02-ACBE-426F-9A1F-D9C121675288}
		{FD10D892-543E-4AE7-89AC-EFF545E58E49} = {FD10D892-543E-4AE7-89AC-EFF545E58E49}
		{D86C2ACC-CEC8-4F0F-A75F-253971B53E39} = {D86C2ACC-CEC8-4F0F-A75F-253971B53E39}
	EndProjectSection
EndProject
Project("{8BC9CEB8-8B4A-11D0-8D11-00A0C91BC942}") = "WPTrack", "components\WPTrack\WPTrack.vcxproj", "{CE3C79BA-34D4-4D78-B523-B9060AE2A276}"
	ProjectSection(ProjectDependencies) = postProject
		{ED9BA700-FBB9-41CF-BA12-6E1411CA7D5F} = {ED9BA700-FBB9-41CF-BA12-6E1411CA7D5F}
		{F35AAA02-ACBE-426F-9A1F-D9C121675288} = {F35AAA02-ACBE-426F-9A1F-D9C121675288}
		{D86C2ACC-CEC8-4F0F-A75F-253971B53E39} = {D86C2ACC-CEC8-4F0F-A75F-253971B53E39}
	EndProjectSection
EndProject
Global
	GlobalSection(SolutionConfigurationPlatforms) = preSolution
		Debug|x64 = Debug|x64
		Debug|x86 = Debug|x86
		Release|x64 = Release|x64
		Release|x86 = Release|x86
	EndGlobalSection
	GlobalSection(ProjectConfigurationPlatforms) = postSolution
		{D0D37BF9-2256-44EC-B290-F21C253238CF}.Debug|x64.ActiveCfg = Debug|x64
		{D0D37BF9-2256-44EC-B290-F21C253238CF}.Debug|x64.Build.0 = Debug|x64
		{D0D37BF9-2256-44EC-B290-F21C253238CF}.Debug|x86.ActiveCfg = Debug|Win32
		{D0D37BF9-2256-44EC-B290-F21C253238CF}.Debug|x86.Build.0 = Debug|Win32
		{D0D37BF9-2256-44EC-B290-F21C253238CF}.Release|x64.ActiveCfg = Release|x64
		{D0D37BF9-2256-44EC-B290-F21C253238CF}.Release|x64.Build.0 = Release|x64
		{D0D37BF9-2256-44EC-B290-F21C253238CF}.Release|x86.ActiveCfg = Release|Win32
		{D0D37BF9-2256-44EC-B290-F21C253238CF}.Release|x86.Build.0 = Release|Win32
		{F35AAA02-ACBE-426F-9A1F-D9C121675288}.Debug|x64.ActiveCfg = Debug|x64
		{F35AAA02-ACBE-426F-9A1F-D9C121675288}.Debug|x64.Build.0 = Debug|x64
		{F35AAA02-ACBE-426F-9A1F-D9C121675288}.Debug|x86.ActiveCfg = Debug|Win32
		{F35AAA02-ACBE-426F-9A1F-D9C121675288}.Debug|x86.Build.0 = Debug|Win32
		{F35AAA02-ACBE-426F-9A1F-D9C121675288}.Release|x64.ActiveCfg = Release|x64
		{F35AAA02-ACBE-426F-9A1F-D9C121675288}.Release|x64.Build.0 = Release|x64
		{F35AAA02-ACBE-426F-9A1F-D9C121675288}.Release|x86.ActiveCfg = Release|Win32
		{F35AAA02-ACBE-426F-9A1F-D9C121675288}.Release|x86.Build.0 = Release|Win32
		{D86C2ACC-CEC8-4F0F-A75F-253971B53E39}.Debug|x64.ActiveCfg = Debug|x64
		{D86C2ACC-CEC8-4F0F-A75F-253971B53E39}.Debug|x64.Build.0 = Debug|x64
		{D86C2ACC-CEC8-4F0F-A75F-253971B53E39}.Debug|x86.ActiveCfg = Debug|Win32
		{D86C2ACC-CEC8-4F0F-A75F-253971B53E39}.Debug|x86.Build.0 = Debug|Win32
		{D86C2ACC-CEC8-4F0F-A75F-253971B53E39}.Release|x64.ActiveCfg = Release|x64
		{D86C2ACC-CEC8-4F0F-A75F-253971B53E39}.Release|x64.Build.0 = Release|x64
		{D86C2ACC-CEC8-4F0F-A75F-253971B53E39}.Release|x86.ActiveCfg = Release|Win32
		{D86C2ACC-CEC8-4F0F-A75F-253971B53E39}.Release|x86.Build.0 = Release|Win32
		{ED9BA700-FBB9-41CF-BA12-6E1411CA7D5F}.Debug|x64.ActiveCfg = Debug|x64
		{ED9BA700-FBB9-41CF-BA12-6E1411CA7D5F}.Debug|x64.Build.0 = Debug|x64
		{ED9BA700-FBB9-41CF-BA12-6E1411CA7D5F}.Debug|x86.ActiveCfg = Debug|Win32
		{ED9BA700-FBB9-41CF-BA12-6E1411CA7D5F}.Debug|x86.Build.0 = Debug|Win32
		{ED9BA700-FBB9-41CF-BA12-6E1411CA7D5F}.Release|x64.ActiveCfg = Release|x64
		{ED9BA700-FBB9-41CF-BA12-6E1411CA7D5F}.Release|x64.Build.0 = Release|x64
		{ED9BA700-FBB9-41CF-BA12-6E1411CA7D5F}.Release|x86.ActiveCfg = Release|Win32
		{ED9BA700-FBB9-41CF-BA12-6E1411CA7D5F}.Release|x86.Build.0 = Release|Win32
		{FD10D892-543E-4AE7-89AC-EFF545E58E49}.Debug|x64.ActiveCfg = Debug|x64
		{FD10D892-543E-4AE7-89AC-EFF545E58E49}.Debug|x64.Build.0 = Debug|x64
		{FD10D892-543E-4AE7-89AC-EFF545E58E49}.Debug|x86.ActiveCfg = Debug|Win32
		{FD10D892-543E-4AE7-89AC-EFF545E58E49}.Debug|x86.Build.0 = Debug|Win32
		{FD10D892-543E-4AE7-89AC-EFF545E58E49}.Release|x64.ActiveCfg = Release|x64
		{FD10D892-543E-4AE7-89AC-EFF545E58E49}.Release|x64.Build.0 = Release|x64
		{FD10D892-543E-4AE7-89AC-EFF545E58E49}.Release|x86.ActiveCfg = Release|Win32
		{FD10D892-543E-4AE7-89AC-EFF545E58E49}.Release|x86.Build.0 = Release|Win32
		{61D5C390-A650-4B9E-B177-292D8BE5A813}.Debug|x64.ActiveCfg = Debug|x64
		{61D5C390-A650-4B9E-B177-292D8BE5A813}.Debug|x64.Build.0 = Debug|x64
		{61D5C390-A650-4B9E-B177-292D8BE5A813}.Debug|x86.ActiveCfg = Debug|Win32
		{61D5C390-A650-4B9E-B177-292D8BE5A813}.Debug|x86.Build.0 = Debug|Win32
		{61D5C390-A650-4B9E-B177-292D8BE5A813}.Release|x64.ActiveCfg = Release|x64
		{61D5C390-A650-4B9E-B177-292D8BE5A813}.Release|x64.Build.0 = Release|x64
		{61D5C390-A650-4B9E-B177-292D8BE5A813}.Release|x86.ActiveCfg = Release|Win32
		{61D5C390-A650-4B9E-B177-292D8BE5A813}.Release|x86.Build.0 = Release|Win32
		{B7790934-F317-4687-B275-8063757DE902}.Debug|x64.ActiveCfg = Debug|x64
		{B7790934-F317-4687-B275-8063757DE902}.Debug|x64.Build.0 = Debug|x64
		{B7790934-F317-4687-B275-8063757DE902}.Debug|x86.ActiveCfg = Debug|Win32
		{B7790934-F317-4687-B275-8063757DE902}.Debug|x86.Build.0 = Debug|Win32
		{B7790934-F317-4687-B275-8063757DE902}.Release|x64.ActiveCfg = Release|x64
		{B7790934-F317-4687-B275-8063757DE902}.Release|x64.Build.0 = Release|x64
		{B7790934-F317-4687-B275-8063757DE902}.Release|x86.ActiveCfg = Release|Win32
		{B7790934-F317-4687-B275-8063757DE902}.Release|x86.Build.0 = Release|Win32
		{1C17F11D-0703-42E8-A6F0-A7DD17B4F8C8}.Debug|x64.ActiveCfg = Debug|x64
		{1C17F11D-0703-42E8-A6F0-A7DD17B4F8C8}.Debug|x64.Build.0 = Debug|x64
		{1C17F11D-0703-42E8-A6F0-A7DD17B4F8C8}.Debug|x86.ActiveCfg = Debug|Win32
		{1C17F11D-0703-42E8-A6F0-A7DD17B4F8C8}.Debug|x86.Build.0 = Debug|Win32
		{1C17F11D-0703-42E8-A6F0-A7DD17B4F8C8}.Release|x64.ActiveCfg = Release|x64
		{1C17F11D-0703-42E8-A6F0-A7DD17B4F8C8}.Release|x64.Build.0 = Release|x64
		{1C17F11D-0703-42E8-A6F0-A7DD17B4F8C8}.Release|x86.ActiveCfg = Release|Win32
		{1C17F11D-0703-42E8-A6F0-A7DD17B4F8C8}.Release|x86.Build.0 = Release|Win32
		{5B2E73C7-6CBD-49E2-B5E2-9A9A9773AD28}.Debug|x64.ActiveCfg = Debug|x64
		{5B2E73C7-6CBD-49E2-B5E2-9A9A9773AD28}.Debug|x64.Build.0 = Debug|x64
		{5B2E73C7-6CBD-49E2-B5E2-9A9A9773AD28}.Debug|x86.ActiveCfg = Debug|Win32
		{5B2E73C7-6CBD-49E2-B5E2-9A9A9773AD28}.Debug|x86.Build.0 = Debug|Win32
		{5B2E73C7-6CBD-49E2-B5E2-9A9A9773AD28}.Release|x64.ActiveCfg = Release|x64
		{5B2E73C7-6CBD-49E2-B5E2-9A9A9773AD28}.Release|x64.Build.0 = Release|x64
		{5B2E73C7-6CBD-49E2-B5E2-9A9A9773AD28}.Release|x86.ActiveCfg = Release|Win32
		{5B2E73C7-6CBD-49E2-B5E2-9A9A9773AD28}.Release|x86.Build.0 = Release|Win32
		{474FA5CC-7886-4857-B484-B6FB484BDEAE}.Debug|x64.ActiveCfg = Debug|x64
		{474FA5CC-7886-4857-B484-B6FB484BDEAE}.Debug|x64.Build.0 = Debug|x64
		{474FA5CC-7886-4857-B484-B6FB484BDEAE}.Debug|x86.ActiveCfg = Debug|Win32
		{474FA5CC-7886-4857-B484-B6FB484BDEAE}.Debug|x86.Build.0 = Debug|Win32
		{474FA5CC-7886-4857-B484-B6FB484BDEAE}.Release|x64.ActiveCfg = Release|x64
		{474FA5CC-7886-4857-B484-B6FB484BDEAE}.Release|x64.Build.0 = Release|x64
		{474FA5CC-7886-4857-B484-B6FB484BDEAE}.Release|x86.ActiveCfg = Release|Win32
		{474FA5CC-7886-4857-B484-B6FB484BDEAE}.Release|x86.Build.0 = Release|Win32
		{CE3C79BA-34D4-4D78-B523-B9060AE2A276}.Debug|x64.ActiveCfg = Debug|x64
		{CE3C79BA-34D4-4D78-B523-B9060AE2A276}.Debug|x64.Build.0 = Debug|x64
		{CE3C79BA-34D4-4D78-B523-B9060AE2A276}.Debug|x86.ActiveCfg = Debug|Win32
		{CE3C79BA-34D4-4D78-B523-B9060AE2A276}.Debug|x86.Build.0 = Debug|Win32
		{CE3C79BA-34D4-4D78-B523-B9060AE2A276}.Release|x64.ActiveCfg = Release|x64
		{CE3C79BA-34D4-4D78-B523-B9060AE2A276}.Release|x64.Build.0 = Release|x64
		{CE3C79BA-34D4-4D78-B523-B9060AE2A276}.Release|x86.ActiveCfg = Release|Win32
		{CE3C79BA-34D4-4D78-B523-B9060AE2A276}.Release|x86.Build.0 = Release|Win32
	EndGlobalSection
	GlobalSection(SolutionProperties) = preSolution
		HideSolutionNode = FALSE
	EndGlobalSection
EndGlobal
