<?xml version="1.0" encoding="utf-8"?>
<Project ToolsVersion="4.0" xmlns="http://schemas.microsoft.com/developer/msbuild/2003">
  <ItemGroup>
    <Filter Include="Source Files">
      <UniqueIdentifier>{4FC737F1-C7A5-4376-A066-2A32D752A2FF}</UniqueIdentifier>
      <Extensions>cpp;c;cc;cxx;def;odl;idl;hpj;bat;asm;asmx</Extensions>
    </Filter>
    <Filter Include="Header Files">
      <UniqueIdentifier>{93995380-89BD-4b04-88EB-625FBE52EBFB}</UniqueIdentifier>
      <Extensions>h;hpp;hxx;hm;inl;inc;xsd</Extensions>
    </Filter>
    <Filter Include="Resource Files">
      <UniqueIdentifier>{67DA6AB6-F800-4c08-8B7A-83BB121AAD01}</UniqueIdentifier>
      <Extensions>rc;ico;cur;bmp;dlg;rc2;rct;bin;rgs;gif;jpg;jpeg;jpe;resx;tiff;tif;png;wav</Extensions>
    </Filter>
  </ItemGroup>
  <ItemGroup>
    <ClCompile Include="conj_minmax.cpp">
      <Filter>Source Files</Filter>
    </ClCompile>
    <ClCompile Include="fun_integrate.cpp">
      <Filter>Source Files</Filter>
    </ClCompile>
    <ClCompile Include="fun_interpolate.cpp">
      <Filter>Source Files</Filter>
    </ClCompile>
    <ClCompile Include="fun_zero_1D.cpp">
      <Filter>Source Files</Filter>
    </ClCompile>
    <ClCompile Include="lib.cpp">
      <Filter>Source Files</Filter>
    </ClCompile>
    <ClCompile Include="lin_sys.cpp">
      <Filter>Source Files</Filter>
    </ClCompile>
  </ItemGroup>
  <ItemGroup>
    <ClInclude Include="conj_minmax.h">
      <Filter>Header Files</Filter>
    </ClInclude>
    <ClInclude Include="dll_impexp_smat.h">
      <Filter>Header Files</Filter>
    </ClInclude>
    <ClInclude Include="fun_integrate.h">
      <Filter>Header Files</Filter>
    </ClInclude>
    <ClInclude Include="fun_interpolate.h">
      <Filter>Header Files</Filter>
    </ClInclude>
    <ClInclude Include="fun_zero_1D.h">
      <Filter>Header Files</Filter>
    </ClInclude>
    <ClInclude Include="lin_sys.h">
      <Filter>Header Files</Filter>
    </ClInclude>
    <ClInclude Include="math_operands.h">
      <Filter>Header Files</Filter>
    </ClInclude>
    <ClInclude Include="small_mat.h">
      <Filter>Header Files</Filter>
    </ClInclude>
    <ClInclude Include="stdafx.h">
      <Filter>Header Files</Filter>
    </ClInclude>
    <ClInclude Include="type_deduce.h">
      <Filter>Header Files</Filter>
    </ClInclude>
  </ItemGroup>
</Project>